
Microsoft Visual Studio Solution File, Format Version 12.00
# Visual Studio Version 17
VisualStudioVersion = 17.0.32112.339
MinimumVisualStudioVersion = 10.0.40219.1
Project("{F184B08F-C81C-45F6-A57F-5ABD9991F28F}") = "Game", "Video_145\Game.vbproj", "{59445E76-A1C0-48D4-A977-F8699FC34F72}"
EndProject
Project("{F184B08F-C81C-45F6-A57F-5ABD9991F28F}") = "Game GUI", "Game GUI\Game GUI.vbproj", "{F618C6D4-51D4-4C28-9965-D7AA13AE4391}"
EndProject
Global
	GlobalSection(SolutionConfigurationPlatforms) = preSolution
		Debug|Any CPU = Debug|Any CPU
		Release|Any CPU = Release|Any CPU
	EndGlobalSection
	GlobalSection(ProjectConfigurationPlatforms) = postSolution
		{59445E76-A1C0-48D4-A977-F8699FC34F72}.Debug|Any CPU.ActiveCfg = Debug|Any CPU
		{59445E76-A1C0-48D4-A977-F8699FC34F72}.Debug|Any CPU.Build.0 = Debug|Any CPU
		{59445E76-A1C0-48D4-A977-F8699FC34F72}.Release|Any CPU.ActiveCfg = Release|Any CPU
		{59445E76-A1C0-48D4-A977-F8699FC34F72}.Release|Any CPU.Build.0 = Release|Any CPU
		{F618C6D4-51D4-4C28-9965-D7AA13AE4391}.Debug|Any CPU.ActiveCfg = Debug|Any CPU
		{F618C6D4-51D4-4C28-9965-D7AA13AE4391}.Debug|Any CPU.Build.0 = Debug|Any CPU
		{F618C6D4-51D4-4C28-9965-D7AA13AE4391}.Release|Any CPU.ActiveCfg = Release|Any CPU
		{F618C6D4-51D4-4C28-9965-D7AA13AE4391}.Release|Any CPU.Build.0 = Release|Any CPU
	EndGlobalSection
	GlobalSection(SolutionProperties) = preSolution
		HideSolutionNode = FALSE
	EndGlobalSection
	GlobalSection(ExtensibilityGlobals) = postSolution
		SolutionGuid = {AE8E4F46-10F5-448B-A277-869E80EFD2B7}
	EndGlobalSection
EndGlobal
